
Microsoft Visual Studio Solution File, Format Version 12.00
# Visual Studio Version 16
VisualStudioVersion = 16.0.29306.81
MinimumVisualStudioVersion = 10.0.40219.1
Project("{FAE04EC0-301F-11D3-BF4B-00C04F79EFBC}") = "MultiTasksOnlyKeepLastDemo", "MultiTasksOnlyKeepLastDemo\MultiTasksOnlyKeepLastDemo.csproj", "{2879E83B-D93E-4AC3-8A46-D606CD07BEC0}"
EndProject
Global
	GlobalSection(SolutionConfigurationPlatforms) = preSolution
		Debug|Any CPU = Debug|Any CPU
		Release|Any CPU = Release|Any CPU
	EndGlobalSection
	GlobalSection(ProjectConfigurationPlatforms) = postSolution
		{2879E83B-D93E-4AC3-8A46-D606CD07BEC0}.Debug|Any CPU.ActiveCfg = Debug|Any CPU
		{2879E83B-D93E-4AC3-8A46-D606CD07BEC0}.Debug|Any CPU.Build.0 = Debug|Any CPU
		{2879E83B-D93E-4AC3-8A46-D606CD07BEC0}.Release|Any CPU.ActiveCfg = Release|Any CPU
		{2879E83B-D93E-4AC3-8A46-D606CD07BEC0}.Release|Any CPU.Build.0 = Release|Any CPU
	EndGlobalSection
	GlobalSection(SolutionProperties) = preSolution
		HideSolutionNode = FALSE
	EndGlobalSection
	GlobalSection(ExtensibilityGlobals) = postSolution
		SolutionGuid = {CD317246-D1A7-475B-B948-1181BED97029}
	EndGlobalSection
EndGlobal
